
Microsoft Visual Studio Solution File, Format Version 12.00
# Visual Studio Version 17
VisualStudioVersion = 17.8.34511.84
MinimumVisualStudioVersion = 10.0.40219.1
Project("{2150E333-8FDC-42A3-9474-1A3956D46DE8}") = "Core", "Core", "{07753C60-1B4E-43D8-A5B3-CB23B4AF3127}"
EndProject
Project("{2150E333-8FDC-42A3-9474-1A3956D46DE8}") = "Application", "Application", "{F06D838A-56A7-4885-B42D-F64F5ED1BE9D}"
EndProject
Project("{2150E333-8FDC-42A3-9474-1A3956D46DE8}") = "Infrastructure", "Infrastructure", "{FB7D5CB9-CFFA-4DAB-8DC0-46E63335ECD3}"
EndProject
Project("{2150E333-8FDC-42A3-9474-1A3956D46DE8}") = "Presentation", "Presentation", "{4B3CF7EA-D3BC-4FAD-BD8B-70637BC363C2}"
EndProject
Project("{FAE04EC0-301F-11D3-BF4B-00C04F79EFBC}") = "Domain", "Domain\Domain.csproj", "{07814198-317F-4637-9830-C6A4A3A9B955}"
EndProject
Project("{FAE04EC0-301F-11D3-BF4B-00C04F79EFBC}") = "Application", "Application\Application.csproj", "{9CA85F5F-4359-4355-8DE3-2DA39303A727}"
EndProject
Project("{FAE04EC0-301F-11D3-BF4B-00C04F79EFBC}") = "Repository", "Repository.Ef\Repository.csproj", "{6209275F-0B91-4382-B9C3-3BDEF460D790}"
EndProject
Project("{2150E333-8FDC-42A3-9474-1A3956D46DE8}") = "API", "API", "{92B21561-57FA-4783-9408-E325ABCBB5E2}"
EndProject
Project("{2150E333-8FDC-42A3-9474-1A3956D46DE8}") = "UI", "UI", "{B16967D1-9682-4401-B2B2-70A8AF692126}"
EndProject
Project("{FAE04EC0-301F-11D3-BF4B-00C04F79EFBC}") = "FMS.API", "FMS.API\FMS.API.csproj", "{F1C1EEC4-C670-4138-A5FA-D2BB777307E8}"
EndProject
Project("{FAE04EC0-301F-11D3-BF4B-00C04F79EFBC}") = "FMS.UI", "FMS.UI\FMS.UI.csproj", "{6C65A015-E0BA-4B8F-B435-5A12DE4FD008}"
EndProject
Project("{FAE04EC0-301F-11D3-BF4B-00C04F79EFBC}") = "Data.SqlServer", "Data.SqlServer\Data.SqlServer.csproj", "{321D4C05-2ED5-4C2E-8714-F32602E69E62}"
EndProject
Project("{2150E333-8FDC-42A3-9474-1A3956D46DE8}") = "Services", "Services", "{F713399E-653E-4AF3-825E-C9227FE34935}"
EndProject
Global
	GlobalSection(SolutionConfigurationPlatforms) = preSolution
		Debug|Any CPU = Debug|Any CPU
		Release|Any CPU = Release|Any CPU
	EndGlobalSection
	GlobalSection(ProjectConfigurationPlatforms) = postSolution
		{07814198-317F-4637-9830-C6A4A3A9B955}.Debug|Any CPU.ActiveCfg = Debug|Any CPU
		{07814198-317F-4637-9830-C6A4A3A9B955}.Debug|Any CPU.Build.0 = Debug|Any CPU
		{07814198-317F-4637-9830-C6A4A3A9B955}.Release|Any CPU.ActiveCfg = Release|Any CPU
		{07814198-317F-4637-9830-C6A4A3A9B955}.Release|Any CPU.Build.0 = Release|Any CPU
		{9CA85F5F-4359-4355-8DE3-2DA39303A727}.Debug|Any CPU.ActiveCfg = Debug|Any CPU
		{9CA85F5F-4359-4355-8DE3-2DA39303A727}.Debug|Any CPU.Build.0 = Debug|Any CPU
		{9CA85F5F-4359-4355-8DE3-2DA39303A727}.Release|Any CPU.ActiveCfg = Release|Any CPU
		{9CA85F5F-4359-4355-8DE3-2DA39303A727}.Release|Any CPU.Build.0 = Release|Any CPU
		{6209275F-0B91-4382-B9C3-3BDEF460D790}.Debug|Any CPU.ActiveCfg = Debug|Any CPU
		{6209275F-0B91-4382-B9C3-3BDEF460D790}.Debug|Any CPU.Build.0 = Debug|Any CPU
		{6209275F-0B91-4382-B9C3-3BDEF460D790}.Release|Any CPU.ActiveCfg = Release|Any CPU
		{6209275F-0B91-4382-B9C3-3BDEF460D790}.Release|Any CPU.Build.0 = Release|Any CPU
		{F1C1EEC4-C670-4138-A5FA-D2BB777307E8}.Debug|Any CPU.ActiveCfg = Debug|Any CPU
		{F1C1EEC4-C670-4138-A5FA-D2BB777307E8}.Debug|Any CPU.Build.0 = Debug|Any CPU
		{F1C1EEC4-C670-4138-A5FA-D2BB777307E8}.Release|Any CPU.ActiveCfg = Release|Any CPU
		{F1C1EEC4-C670-4138-A5FA-D2BB777307E8}.Release|Any CPU.Build.0 = Release|Any CPU
		{6C65A015-E0BA-4B8F-B435-5A12DE4FD008}.Debug|Any CPU.ActiveCfg = Debug|Any CPU
		{6C65A015-E0BA-4B8F-B435-5A12DE4FD008}.Debug|Any CPU.Build.0 = Debug|Any CPU
		{6C65A015-E0BA-4B8F-B435-5A12DE4FD008}.Release|Any CPU.ActiveCfg = Release|Any CPU
		{6C65A015-E0BA-4B8F-B435-5A12DE4FD008}.Release|Any CPU.Build.0 = Release|Any CPU
		{321D4C05-2ED5-4C2E-8714-F32602E69E62}.Debug|Any CPU.ActiveCfg = Debug|Any CPU
		{321D4C05-2ED5-4C2E-8714-F32602E69E62}.Debug|Any CPU.Build.0 = Debug|Any CPU
		{321D4C05-2ED5-4C2E-8714-F32602E69E62}.Release|Any CPU.ActiveCfg = Release|Any CPU
		{321D4C05-2ED5-4C2E-8714-F32602E69E62}.Release|Any CPU.Build.0 = Release|Any CPU
	EndGlobalSection
	GlobalSection(SolutionProperties) = preSolution
		HideSolutionNode = FALSE
	EndGlobalSection
	GlobalSection(NestedProjects) = preSolution
		{07814198-317F-4637-9830-C6A4A3A9B955} = {07753C60-1B4E-43D8-A5B3-CB23B4AF3127}
		{9CA85F5F-4359-4355-8DE3-2DA39303A727} = {F06D838A-56A7-4885-B42D-F64F5ED1BE9D}
		{6209275F-0B91-4382-B9C3-3BDEF460D790} = {FB7D5CB9-CFFA-4DAB-8DC0-46E63335ECD3}
		{92B21561-57FA-4783-9408-E325ABCBB5E2} = {4B3CF7EA-D3BC-4FAD-BD8B-70637BC363C2}
		{B16967D1-9682-4401-B2B2-70A8AF692126} = {4B3CF7EA-D3BC-4FAD-BD8B-70637BC363C2}
		{F1C1EEC4-C670-4138-A5FA-D2BB777307E8} = {92B21561-57FA-4783-9408-E325ABCBB5E2}
		{6C65A015-E0BA-4B8F-B435-5A12DE4FD008} = {B16967D1-9682-4401-B2B2-70A8AF692126}
		{321D4C05-2ED5-4C2E-8714-F32602E69E62} = {FB7D5CB9-CFFA-4DAB-8DC0-46E63335ECD3}
		{F713399E-653E-4AF3-825E-C9227FE34935} = {FB7D5CB9-CFFA-4DAB-8DC0-46E63335ECD3}
	EndGlobalSection
	GlobalSection(ExtensibilityGlobals) = postSolution
		SolutionGuid = {FF667817-2527-4D33-B0D6-1FE55A51735F}
	EndGlobalSection
EndGlobal
